// !$*UTF8*$!
{
	archiveVersion = 1;
	classes = {
	};
	objectVersion = 50;
	objects = {

/* Begin PBXBuildFile section */
		13CC707E25EE322400FF37B2 /* AppDelegate.swift in Sources */ = {isa = PBXBuildFile; fileRef = 13CC707D25EE322400FF37B2 /* AppDelegate.swift */; };
		13CC708025EE322400FF37B2 /* SceneDelegate.swift in Sources */ = {isa = PBXBuildFile; fileRef = 13CC707F25EE322400FF37B2 /* SceneDelegate.swift */; };
		13CC708225EE322400FF37B2 /* ViewController.swift in Sources */ = {isa = PBXBuildFile; fileRef = 13CC708125EE322400FF37B2 /* ViewController.swift */; };
		13CC708525EE322400FF37B2 /* Main.storyboard in Resources */ = {isa = PBXBuildFile; fileRef = 13CC708325EE322400FF37B2 /* Main.storyboard */; };
		13CC708725EE322500FF37B2 /* Assets.xcassets in Resources */ = {isa = PBXBuildFile; fileRef = 13CC708625EE322500FF37B2 /* Assets.xcassets */; };
		13CC708A25EE322500FF37B2 /* LaunchScreen.storyboard in Resources */ = {isa = PBXBuildFile; fileRef = 13CC708825EE322500FF37B2 /* LaunchScreen.storyboard */; };
		13CC70C925EE383600FF37B2 /* PhotoCropperViewController.swift in Sources */ = {isa = PBXBuildFile; fileRef = 13CC70C825EE383600FF37B2 /* PhotoCropperViewController.swift */; };
		13DA0A0025EE6813009286CE /* PhotoCropper.storyboard in Resources */ = {isa = PBXBuildFile; fileRef = 13DA09FF25EE6813009286CE /* PhotoCropper.storyboard */; };
/* End PBXBuildFile section */

/* Begin PBXFileReference section */
		13CC707A25EE322400FF37B2 /* PhotoCropper.app */ = {isa = PBXFileReference; explicitFileType = wrapper.application; includeInIndex = 0; path = PhotoCropper.app; sourceTree = BUILT_PRODUCTS_DIR; };
		13CC707D25EE322400FF37B2 /* AppDelegate.swift */ = {isa = PBXFileReference; lastKnownFileType = sourcecode.swift; path = AppDelegate.swift; sourceTree = "<group>"; };
		13CC707F25EE322400FF37B2 /* SceneDelegate.swift */ = {isa = PBXFileReference; lastKnownFileType = sourcecode.swift; path = SceneDelegate.swift; sourceTree = "<group>"; };
		13CC708125EE322400FF37B2 /* ViewController.swift */ = {isa = PBXFileReference; lastKnownFileType = sourcecode.swift; path = ViewController.swift; sourceTree = "<group>"; };
		13CC708425EE322400FF37B2 /* Base */ = {isa = PBXFileReference; lastKnownFileType = file.storyboard; name = Base; path = Base.lproj/Main.storyboard; sourceTree = "<group>"; };
		13CC708625EE322500FF37B2 /* Assets.xcassets */ = {isa = PBXFileReference; lastKnownFileType = folder.assetcatalog; path = Assets.xcassets; sourceTree = "<group>"; };
		13CC708925EE322500FF37B2 /* Base */ = {isa = PBXFileReference; lastKnownFileType = file.storyboard; name = Base; path = Base.lproj/LaunchScreen.storyboard; sourceTree = "<group>"; };
		13CC708B25EE322500FF37B2 /* Info.plist */ = {isa = PBXFileReference; lastKnownFileType = text.plist.xml; path = Info.plist; sourceTree = "<group>"; };
		13CC70C825EE383600FF37B2 /* PhotoCropperViewController.swift */ = {isa = PBXFileReference; lastKnownFileType = sourcecode.swift; path = PhotoCropperViewController.swift; sourceTree = "<group>"; };
		13DA09FF25EE6813009286CE /* PhotoCropper.storyboard */ = {isa = PBXFileReference; lastKnownFileType = file.storyboard; path = PhotoCropper.storyboard; sourceTree = "<group>"; };
/* End PBXFileReference section */

/* Begin PBXFrameworksBuildPhase section */
		13CC707725EE322400FF37B2 /* Frameworks */ = {
			isa = PBXFrameworksBuildPhase;
			buildActionMask = 2147483647;
			files = (
			);
			runOnlyForDeploymentPostprocessing = 0;
		};
/* End PBXFrameworksBuildPhase section */

/* Begin PBXGroup section */
		13CC707125EE322400FF37B2 = {
			isa = PBXGroup;
			children = (
				13CC707C25EE322400FF37B2 /* PhotoCropper */,
				13CC707B25EE322400FF37B2 /* Products */,
			);
			sourceTree = "<group>";
		};
		13CC707B25EE322400FF37B2 /* Products */ = {
			isa = PBXGroup;
			children = (
				13CC707A25EE322400FF37B2 /* PhotoCropper.app */,
			);
			name = Products;
			sourceTree = "<group>";
		};
		13CC707C25EE322400FF37B2 /* PhotoCropper */ = {
			isa = PBXGroup;
			children = (
				13CC709525EE324500FF37B2 /* Sources */,
				13CC707D25EE322400FF37B2 /* AppDelegate.swift */,
				13CC707F25EE322400FF37B2 /* SceneDelegate.swift */,
				13CC708125EE322400FF37B2 /* ViewController.swift */,
				13CC708325EE322400FF37B2 /* Main.storyboard */,
				13CC708625EE322500FF37B2 /* Assets.xcassets */,
				13CC708825EE322500FF37B2 /* LaunchScreen.storyboard */,
				13CC708B25EE322500FF37B2 /* Info.plist */,
			);
			path = PhotoCropper;
			sourceTree = "<group>";
		};
		13CC709525EE324500FF37B2 /* Sources */ = {
			isa = PBXGroup;
			children = (
				13CC70C825EE383600FF37B2 /* PhotoCropperViewController.swift */,
				13DA09FF25EE6813009286CE /* PhotoCropper.storyboard */,
			);
			path = Sources;
			sourceTree = "<group>";
		};
/* End PBXGroup section */

/* Begin PBXNativeTarget section */
		13CC707925EE322400FF37B2 /* PhotoCropper */ = {
			isa = PBXNativeTarget;
			buildConfigurationList = 13CC708E25EE322500FF37B2 /* Build configuration list for PBXNativeTarget "PhotoCropper" */;
			buildPhases = (
				13CC707625EE322400FF37B2 /* Sources */,
				13CC707725EE322400FF37B2 /* Frameworks */,
				13CC707825EE322400FF37B2 /* Resources */,
			);
			buildRules = (
			);
			dependencies = (
			);
			name = PhotoCropper;
			productName = PhotoCropper;
			productReference = 13CC707A25EE322400FF37B2 /* PhotoCropper.app */;
			productType = "com.apple.product-type.application";
		};
/* End PBXNativeTarget section */

/* Begin PBXProject section */
		13CC707225EE322400FF37B2 /* Project object */ = {
			isa = PBXProject;
			attributes = {
				LastSwiftUpdateCheck = 1240;
				LastUpgradeCheck = 1240;
				TargetAttributes = {
					13CC707925EE322400FF37B2 = {
						CreatedOnToolsVersion = 12.4;
					};
				};
			};
			buildConfigurationList = 13CC707525EE322400FF37B2 /* Build configuration list for PBXProject "PhotoCropper" */;
			compatibilityVersion = "Xcode 9.3";
			developmentRegion = en;
			hasScannedForEncodings = 0;
			knownRegions = (
				en,
				Base,
			);
			mainGroup = 13CC707125EE322400FF37B2;
			productRefGroup = 13CC707B25EE322400FF37B2 /* Products */;
			projectDirPath = "";
			projectRoot = "";
			targets = (
				13CC707925EE322400FF37B2 /* PhotoCropper */,
			);
		};
/* End PBXProject section */

/* Begin PBXResourcesBuildPhase section */
		13CC707825EE322400FF37B2 /* Resources */ = {
			isa = PBXResourcesBuildPhase;
			buildActionMask = 2147483647;
			files = (
				13CC708A25EE322500FF37B2 /* LaunchScreen.storyboard in Resources */,
				13DA0A0025EE6813009286CE /* PhotoCropper.storyboard in Resources */,
				13CC708725EE322500FF37B2 /* Assets.xcassets in Resources */,
				13CC708525EE322400FF37B2 /* Main.storyboard in Resources */,
			);
			runOnlyForDeploymentPostprocessing = 0;
		};
/* End PBXResourcesBuildPhase section */

/* Begin PBXSourcesBuildPhase section */
		13CC707625EE322400FF37B2 /* Sources */ = {
			isa = PBXSourcesBuildPhase;
			buildActionMask = 2147483647;
			files = (
				13CC708225EE322400FF37B2 /* ViewController.swift in Sources */,
				13CC70C925EE383600FF37B2 /* PhotoCropperViewController.swift in Sources */,
				13CC707E25EE322400FF37B2 /* AppDelegate.swift in Sources */,
				13CC708025EE322400FF37B2 /* SceneDelegate.swift in Sources */,
			);
			runOnlyForDeploymentPostprocessing = 0;
		};
/* End PBXSourcesBuildPhase section */

/* Begin PBXVariantGroup section */
		13CC708325EE322400FF37B2 /* Main.storyboard */ = {
			isa = PBXVariantGroup;
			children = (
				13CC708425EE322400FF37B2 /* Base */,
			);
			name = Main.storyboard;
			sourceTree = "<group>";
		};
		13CC708825EE322500FF37B2 /* LaunchScreen.storyboard */ = {
			isa = PBXVariantGroup;
			children = (
				13CC708925EE322500FF37B2 /* Base */,
			);
			name = LaunchScreen.storyboard;
			sourceTree = "<group>";
		};
/* End PBXVariantGroup section */

/* Begin XCBuildConfiguration section */
		13CC708C25EE322500FF37B2 /* Debug */ = {
			isa = XCBuildConfiguration;
			buildSettings = {
				ALWAYS_SEARCH_USER_PATHS = NO;
				CLANG_ANALYZER_NONNULL = YES;
				CLANG_ANALYZER_NUMBER_OBJECT_CONVERSION = YES_AGGRESSIVE;
				CLANG_CXX_LANGUAGE_STANDARD = "gnu++14";
				CLANG_CXX_LIBRARY = "libc++";
				CLANG_ENABLE_MODULES = YES;
				CLANG_ENABLE_OBJC_ARC = YES;
				CLANG_ENABLE_OBJC_WEAK = YES;
				CLANG_WARN_BLOCK_CAPTURE_AUTORELEASING = YES;
				CLANG_WARN_BOOL_CONVERSION = YES;
				CLANG_WARN_COMMA = YES;
				CLANG_WARN_CONSTANT_CONVERSION = YES;
				CLANG_WARN_DEPRECATED_OBJC_IMPLEMENTATIONS = YES;
				CLANG_WARN_DIRECT_OBJC_ISA_USAGE = YES_ERROR;
				CLANG_WARN_DOCUMENTATION_COMMENTS = YES;
				CLANG_WARN_EMPTY_BODY = YES;
				CLANG_WARN_ENUM_CONVERSION = YES;
				CLANG_WARN_INFINITE_RECURSION = YES;
				CLANG_WARN_INT_CONVERSION = YES;
				CLANG_WARN_NON_LITERAL_NULL_CONVERSION = YES;
				CLANG_WARN_OBJC_IMPLICIT_RETAIN_SELF = YES;
				CLANG_WARN_OBJC_LITERAL_CONVERSION = YES;
				CLANG_WARN_OBJC_ROOT_CLASS = YES_ERROR;
				CLANG_WARN_QUOTED_INCLUDE_IN_FRAMEWORK_HEADER = YES;
				CLANG_WARN_RANGE_LOOP_ANALYSIS = YES;
				CLANG_WARN_STRICT_PROTOTYPES = YES;
				CLANG_WARN_SUSPICIOUS_MOVE = YES;
				CLANG_WARN_UNGUARDED_AVAILABILITY = YES_AGGRESSIVE;
				CLANG_WARN_UNREACHABLE_CODE = YES;
				CLANG_WARN__DUPLICATE_METHOD_MATCH = YES;
				COPY_PHASE_STRIP = NO;
				DEBUG_INFORMATION_FORMAT = dwarf;
				ENABLE_STRICT_OBJC_MSGSEND = YES;
				ENABLE_TESTABILITY = YES;
				GCC_C_LANGUAGE_STANDARD = gnu11;
				GCC_DYNAMIC_NO_PIC = NO;
				GCC_NO_COMMON_BLOCKS = YES;
				GCC_OPTIMIZATION_LEVEL = 0;
				GCC_PREPROCESSOR_DEFINITIONS = (
					"DEBUG=1",
					"$(inherited)",
				);
				GCC_WARN_64_TO_32_BIT_CONVERSION = YES;
				GCC_WARN_ABOUT_RETURN_TYPE = YES_ERROR;
				GCC_WARN_UNDECLARED_SELECTOR = YES;
				GCC_WARN_UNINITIALIZED_AUTOS = YES_AGGRESSIVE;
				GCC_WARN_UNUSED_FUNCTION = YES;
				GCC_WARN_UNUSED_VARIABLE = YES;
				IPHONEOS_DEPLOYMENT_TARGET = 13.0;
				MTL_ENABLE_DEBUG_INFO = INCLUDE_SOURCE;
				MTL_FAST_MATH = YES;
				ONLY_ACTIVE_ARCH = YES;
				SDKROOT = iphoneos;
				SWIFT_ACTIVE_COMPILATION_CONDITIONS = DEBUG;
				SWIFT_OPTIMIZATION_LEVEL = "-Onone";
			};
			name = Debug;
		};
		13CC708D25EE322500FF37B2 /* Release */ = {
			isa = XCBuildConfiguration;
			buildSettings = {
				ALWAYS_SEARCH_USER_PATHS = NO;
				CLANG_ANALYZER_NONNULL = YES;
				CLANG_ANALYZER_NUMBER_OBJECT_CONVERSION = YES_AGGRESSIVE;
				CLANG_CXX_LANGUAGE_STANDARD = "gnu++14";
				CLANG_CXX_LIBRARY = "libc++";
				CLANG_ENABLE_MODULES = YES;
				CLANG_ENABLE_OBJC_ARC = YES;
				CLANG_ENABLE_OBJC_WEAK = YES;
				CLANG_WARN_BLOCK_CAPTURE_AUTORELEASING = YES;
				CLANG_WARN_BOOL_CONVERSION = YES;
				CLANG_WARN_COMMA = YES;
				CLANG_WARN_CONSTANT_CONVERSION = YES;
				CLANG_WARN_DEPRECATED_OBJC_IMPLEMENTATIONS = YES;
				CLANG_WARN_DIRECT_OBJC_ISA_USAGE = YES_ERROR;
				CLANG_WARN_DOCUMENTATION_COMMENTS = YES;
				CLANG_WARN_EMPTY_BODY = YES;
				CLANG_WARN_ENUM_CONVERSION = YES;
				CLANG_WARN_INFINITE_RECURSION = YES;
				CLANG_WARN_INT_CONVERSION = YES;
				CLANG_WARN_NON_LITERAL_NULL_CONVERSION = YES;
				CLANG_WARN_OBJC_IMPLICIT_RETAIN_SELF = YES;
				CLANG_WARN_OBJC_LITERAL_CONVERSION = YES;
				CLANG_WARN_OBJC_ROOT_CLASS = YES_ERROR;
				CLANG_WARN_QUOTED_INCLUDE_IN_FRAMEWORK_HEADER = YES;
				CLANG_WARN_RANGE_LOOP_ANALYSIS = YES;
				CLANG_WARN_STRICT_PROTOTYPES = YES;
				CLANG_WARN_SUSPICIOUS_MOVE = YES;
				CLANG_WARN_UNGUARDED_AVAILABILITY = YES_AGGRESSIVE;
				CLANG_WARN_UNREACHABLE_CODE = YES;
				CLANG_WARN__DUPLICATE_METHOD_MATCH = YES;
				COPY_PHASE_STRIP = NO;
				DEBUG_INFORMATION_FORMAT = "dwarf-with-dsym";
				ENABLE_NS_ASSERTIONS = NO;
				ENABLE_STRICT_OBJC_MSGSEND = YES;
				GCC_C_LANGUAGE_STANDARD = gnu11;
				GCC_NO_COMMON_BLOCKS = YES;
				GCC_WARN_64_TO_32_BIT_CONVERSION = YES;
				GCC_WARN_ABOUT_RETURN_TYPE = YES_ERROR;
				GCC_WARN_UNDECLARED_SELECTOR = YES;
				GCC_WARN_UNINITIALIZED_AUTOS = YES_AGGRESSIVE;
				GCC_WARN_UNUSED_FUNCTION = YES;
				GCC_WARN_UNUSED_VARIABLE = YES;
				IPHONEOS_DEPLOYMENT_TARGET = 13.0;
				MTL_ENABLE_DEBUG_INFO = NO;
				MTL_FAST_MATH = YES;
				SDKROOT = iphoneos;
				SWIFT_COMPILATION_MODE = wholemodule;
				SWIFT_OPTIMIZATION_LEVEL = "-O";
				VALIDATE_PRODUCT = YES;
			};
			name = Release;
		};
		13CC708F25EE322500FF37B2 /* Debug */ = {
			isa = XCBuildConfiguration;
			buildSettings = {
				ASSETCATALOG_COMPILER_APPICON_NAME = AppIcon;
				ASSETCATALOG_COMPILER_GLOBAL_ACCENT_COLOR_NAME = AccentColor;
				CODE_SIGN_STYLE = Automatic;
				DEVELOPMENT_TEAM = K2D6DE8NGJ;
				INFOPLIST_FILE = PhotoCropper/Info.plist;
				LD_RUNPATH_SEARCH_PATHS = (
					"$(inherited)",
					"@executable_path/Frameworks",
				);
				PRODUCT_BUNDLE_IDENTIFIER = EdmundSoftware.PhotoCropper;
				PRODUCT_NAME = "$(TARGET_NAME)";
				SWIFT_VERSION = 5.0;
				TARGETED_DEVICE_FAMILY = "1,2";
			};
			name = Debug;
		};
		13CC709025EE322500FF37B2 /* Release */ = {
			isa = XCBuildConfiguration;
			buildSettings = {
				ASSETCATALOG_COMPILER_APPICON_NAME = AppIcon;
				ASSETCATALOG_COMPILER_GLOBAL_ACCENT_COLOR_NAME = AccentColor;
				CODE_SIGN_STYLE = Automatic;
				DEVELOPMENT_TEAM = K2D6DE8NGJ;
				INFOPLIST_FILE = PhotoCropper/Info.plist;
				LD_RUNPATH_SEARCH_PATHS = (
					"$(inherited)",
					"@executable_path/Frameworks",
				);
				PRODUCT_BUNDLE_IDENTIFIER = EdmundSoftware.PhotoCropper;
				PRODUCT_NAME = "$(TARGET_NAME)";
				SWIFT_VERSION = 5.0;
				TARGETED_DEVICE_FAMILY = "1,2";
			};
			name = Release;
		};
/* End XCBuildConfiguration section */

/* Begin XCConfigurationList section */
		13CC707525EE322400FF37B2 /* Build configuration list for PBXProject "PhotoCropper" */ = {
			isa = XCConfigurationList;
			buildConfigurations = (
				13CC708C25EE322500FF37B2 /* Debug */,
				13CC708D25EE322500FF37B2 /* Release */,
			);
			defaultConfigurationIsVisible = 0;
			defaultConfigurationName = Release;
		};
		13CC708E25EE322500FF37B2 /* Build configuration list for PBXNativeTarget "PhotoCropper" */ = {
			isa = XCConfigurationList;
			buildConfigurations = (
				13CC708F25EE322500FF37B2 /* Debug */,
				13CC709025EE322500FF37B2 /* Release */,
			);
			defaultConfigurationIsVisible = 0;
			defaultConfigurationName = Release;
		};
/* End XCConfigurationList section */
	};
	rootObject = 13CC707225EE322400FF37B2 /* Project object */;
}
